
Microsoft Visual Studio Solution File, Format Version 12.00
# Visual Studio Version 17
VisualStudioVersion = 17.3.32804.467
MinimumVisualStudioVersion = 10.0.40219.1
Project("{FAE04EC0-301F-11D3-BF4B-00C04F79EFBC}") = "my-books2", "my-books2\my-books2.csproj", "{883A246C-0897-4AD7-80F4-57BE457899A8}"
EndProject
Global
	GlobalSection(SolutionConfigurationPlatforms) = preSolution
		Debug|Any CPU = Debug|Any CPU
		Release|Any CPU = Release|Any CPU
	EndGlobalSection
	GlobalSection(ProjectConfigurationPlatforms) = postSolution
		{883A246C-0897-4AD7-80F4-57BE457899A8}.Debug|Any CPU.ActiveCfg = Debug|Any CPU
		{883A246C-0897-4AD7-80F4-57BE457899A8}.Debug|Any CPU.Build.0 = Debug|Any CPU
		{883A246C-0897-4AD7-80F4-57BE457899A8}.Release|Any CPU.ActiveCfg = Release|Any CPU
		{883A246C-0897-4AD7-80F4-57BE457899A8}.Release|Any CPU.Build.0 = Release|Any CPU
	EndGlobalSection
	GlobalSection(SolutionProperties) = preSolution
		HideSolutionNode = FALSE
	EndGlobalSection
	GlobalSection(ExtensibilityGlobals) = postSolution
		SolutionGuid = {64FCF4F0-D88E-48E6-835C-3FE86E51EEE8}
	EndGlobalSection
EndGlobal
